
Microsoft Visual Studio Solution File, Format Version 12.00
# Visual Studio Version 17
VisualStudioVersion = 17.9.34310.174
MinimumVisualStudioVersion = 10.0.40219.1
Project("{2150E333-8FDC-42A3-9474-1A3956D46DE8}") = "Services", "Services", "{8709E097-911C-4A0C-9B95-BD119200A303}"
EndProject
Project("{2150E333-8FDC-42A3-9474-1A3956D46DE8}") = "Order", "Order", "{CB9A8A68-6BAF-44FD-B908-0FFEFEA91B83}"
EndProject
Project("{FAE04EC0-301F-11D3-BF4B-00C04F79EFBC}") = "Order.API", "Services\Order\Order.API\Order.API.csproj", "{94AF3635-1653-4C1F-A830-EAD3B20B611B}"
EndProject
Project("{FAE04EC0-301F-11D3-BF4B-00C04F79EFBC}") = "Order.Service", "Services\Order\Order.Service\Order.Service.csproj", "{7504408C-7AE8-41A6-9DFE-ED9205DD01E9}"
EndProject
Project("{FAE04EC0-301F-11D3-BF4B-00C04F79EFBC}") = "Order.Model", "Services\Order\Order.Model\Order.Model.csproj", "{78BA060D-5FC0-4BB2-AF3F-FD8FE88C4031}"
EndProject
Project("{FAE04EC0-301F-11D3-BF4B-00C04F79EFBC}") = "Order.Infrastructure", "Services\Order\Order.Infrastructure\Order.Infrastructure.csproj", "{0EDE5E3E-B6A9-4C12-8216-100BC78B68C9}"
EndProject
Project("{FAE04EC0-301F-11D3-BF4B-00C04F79EFBC}") = "Order.Core", "Services\Order\Order.Core\Order.Core.csproj", "{38A30046-49F9-4BCE-A54D-9F75D6AF59FB}"
EndProject
Global
	GlobalSection(SolutionConfigurationPlatforms) = preSolution
		Debug|Any CPU = Debug|Any CPU
		Release|Any CPU = Release|Any CPU
	EndGlobalSection
	GlobalSection(ProjectConfigurationPlatforms) = postSolution
		{94AF3635-1653-4C1F-A830-EAD3B20B611B}.Debug|Any CPU.ActiveCfg = Debug|Any CPU
		{94AF3635-1653-4C1F-A830-EAD3B20B611B}.Debug|Any CPU.Build.0 = Debug|Any CPU
		{94AF3635-1653-4C1F-A830-EAD3B20B611B}.Release|Any CPU.ActiveCfg = Release|Any CPU
		{94AF3635-1653-4C1F-A830-EAD3B20B611B}.Release|Any CPU.Build.0 = Release|Any CPU
		{7504408C-7AE8-41A6-9DFE-ED9205DD01E9}.Debug|Any CPU.ActiveCfg = Debug|Any CPU
		{7504408C-7AE8-41A6-9DFE-ED9205DD01E9}.Debug|Any CPU.Build.0 = Debug|Any CPU
		{7504408C-7AE8-41A6-9DFE-ED9205DD01E9}.Release|Any CPU.ActiveCfg = Release|Any CPU
		{7504408C-7AE8-41A6-9DFE-ED9205DD01E9}.Release|Any CPU.Build.0 = Release|Any CPU
		{78BA060D-5FC0-4BB2-AF3F-FD8FE88C4031}.Debug|Any CPU.ActiveCfg = Debug|Any CPU
		{78BA060D-5FC0-4BB2-AF3F-FD8FE88C4031}.Debug|Any CPU.Build.0 = Debug|Any CPU
		{78BA060D-5FC0-4BB2-AF3F-FD8FE88C4031}.Release|Any CPU.ActiveCfg = Release|Any CPU
		{78BA060D-5FC0-4BB2-AF3F-FD8FE88C4031}.Release|Any CPU.Build.0 = Release|Any CPU
		{0EDE5E3E-B6A9-4C12-8216-100BC78B68C9}.Debug|Any CPU.ActiveCfg = Debug|Any CPU
		{0EDE5E3E-B6A9-4C12-8216-100BC78B68C9}.Debug|Any CPU.Build.0 = Debug|Any CPU
		{0EDE5E3E-B6A9-4C12-8216-100BC78B68C9}.Release|Any CPU.ActiveCfg = Release|Any CPU
		{0EDE5E3E-B6A9-4C12-8216-100BC78B68C9}.Release|Any CPU.Build.0 = Release|Any CPU
		{38A30046-49F9-4BCE-A54D-9F75D6AF59FB}.Debug|Any CPU.ActiveCfg = Debug|Any CPU
		{38A30046-49F9-4BCE-A54D-9F75D6AF59FB}.Debug|Any CPU.Build.0 = Debug|Any CPU
		{38A30046-49F9-4BCE-A54D-9F75D6AF59FB}.Release|Any CPU.ActiveCfg = Release|Any CPU
		{38A30046-49F9-4BCE-A54D-9F75D6AF59FB}.Release|Any CPU.Build.0 = Release|Any CPU
	EndGlobalSection
	GlobalSection(SolutionProperties) = preSolution
		HideSolutionNode = FALSE
	EndGlobalSection
	GlobalSection(NestedProjects) = preSolution
		{CB9A8A68-6BAF-44FD-B908-0FFEFEA91B83} = {8709E097-911C-4A0C-9B95-BD119200A303}
		{94AF3635-1653-4C1F-A830-EAD3B20B611B} = {CB9A8A68-6BAF-44FD-B908-0FFEFEA91B83}
		{7504408C-7AE8-41A6-9DFE-ED9205DD01E9} = {CB9A8A68-6BAF-44FD-B908-0FFEFEA91B83}
		{78BA060D-5FC0-4BB2-AF3F-FD8FE88C4031} = {CB9A8A68-6BAF-44FD-B908-0FFEFEA91B83}
		{0EDE5E3E-B6A9-4C12-8216-100BC78B68C9} = {CB9A8A68-6BAF-44FD-B908-0FFEFEA91B83}
		{38A30046-49F9-4BCE-A54D-9F75D6AF59FB} = {CB9A8A68-6BAF-44FD-B908-0FFEFEA91B83}
	EndGlobalSection
	GlobalSection(ExtensibilityGlobals) = postSolution
		SolutionGuid = {A824EFFD-0C1B-49BE-866E-D4A92B9ABA11}
	EndGlobalSection
EndGlobal
