
Microsoft Visual Studio Solution File, Format Version 12.00
# Visual Studio Version 17
VisualStudioVersion = 17.9.34310.174
MinimumVisualStudioVersion = 10.0.40219.1
Project("{2150E333-8FDC-42A3-9474-1A3956D46DE8}") = "Services", "Services", "{8709E097-911C-4A0C-9B95-BD119200A303}"
EndProject
Project("{2150E333-8FDC-42A3-9474-1A3956D46DE8}") = "Order", "Order", "{CB9A8A68-6BAF-44FD-B908-0FFEFEA91B83}"
EndProject
Project("{9A19103F-16F7-4668-BE54-9A1E7A4F7556}") = "Order.API", "Services\Order\Order.API\Order.API.csproj", "{94AF3635-1653-4C1F-A830-EAD3B20B611B}"
EndProject
Project("{9A19103F-16F7-4668-BE54-9A1E7A4F7556}") = "Order.Service", "Services\Order\Order.Service\Order.Service.csproj", "{7504408C-7AE8-41A6-9DFE-ED9205DD01E9}"
EndProject
Project("{9A19103F-16F7-4668-BE54-9A1E7A4F7556}") = "Order.Model", "Services\Order\Order.Model\Order.Model.csproj", "{78BA060D-5FC0-4BB2-AF3F-FD8FE88C4031}"
EndProject
Project("{9A19103F-16F7-4668-BE54-9A1E7A4F7556}") = "Order.Infrastructure", "Services\Order\Order.Infrastructure\Order.Infrastructure.csproj", "{0EDE5E3E-B6A9-4C12-8216-100BC78B68C9}"
EndProject
Project("{9A19103F-16F7-4668-BE54-9A1E7A4F7556}") = "Order.Core", "Services\Order\Order.Core\Order.Core.csproj", "{38A30046-49F9-4BCE-A54D-9F75D6AF59FB}"
EndProject
Project("{2150E333-8FDC-42A3-9474-1A3956D46DE8}") = "Customer", "Customer", "{D7EEB9DD-4C2C-4DF9-855C-89672D1461DF}"
EndProject
Project("{FAE04EC0-301F-11D3-BF4B-00C04F79EFBC}") = "Customer.API", "Services\Customer\Customer.API\Customer.API.csproj", "{7D2C0C1E-1C77-4F50-8877-7F1BD3094151}"
EndProject
Project("{FAE04EC0-301F-11D3-BF4B-00C04F79EFBC}") = "Customer.Service", "Services\Customer\Customer.Service\Customer.Service.csproj", "{8AC3EC25-FA70-463A-99B4-EC8231E71A55}"
EndProject
Project("{FAE04EC0-301F-11D3-BF4B-00C04F79EFBC}") = "Customer.Domain", "Services\Customer\Customer.Domain\Customer.Domain.csproj", "{B3E71FEB-3CFD-4ED9-9806-2A0CBFECC19E}"
EndProject
Global
	GlobalSection(SolutionConfigurationPlatforms) = preSolution
		Debug|Any CPU = Debug|Any CPU
		Release|Any CPU = Release|Any CPU
	EndGlobalSection
	GlobalSection(ProjectConfigurationPlatforms) = postSolution
		{94AF3635-1653-4C1F-A830-EAD3B20B611B}.Debug|Any CPU.ActiveCfg = Debug|Any CPU
		{94AF3635-1653-4C1F-A830-EAD3B20B611B}.Debug|Any CPU.Build.0 = Debug|Any CPU
		{94AF3635-1653-4C1F-A830-EAD3B20B611B}.Release|Any CPU.ActiveCfg = Release|Any CPU
		{94AF3635-1653-4C1F-A830-EAD3B20B611B}.Release|Any CPU.Build.0 = Release|Any CPU
		{7504408C-7AE8-41A6-9DFE-ED9205DD01E9}.Debug|Any CPU.ActiveCfg = Debug|Any CPU
		{7504408C-7AE8-41A6-9DFE-ED9205DD01E9}.Debug|Any CPU.Build.0 = Debug|Any CPU
		{7504408C-7AE8-41A6-9DFE-ED9205DD01E9}.Release|Any CPU.ActiveCfg = Release|Any CPU
		{7504408C-7AE8-41A6-9DFE-ED9205DD01E9}.Release|Any CPU.Build.0 = Release|Any CPU
		{78BA060D-5FC0-4BB2-AF3F-FD8FE88C4031}.Debug|Any CPU.ActiveCfg = Debug|Any CPU
		{78BA060D-5FC0-4BB2-AF3F-FD8FE88C4031}.Debug|Any CPU.Build.0 = Debug|Any CPU
		{78BA060D-5FC0-4BB2-AF3F-FD8FE88C4031}.Release|Any CPU.ActiveCfg = Release|Any CPU
		{78BA060D-5FC0-4BB2-AF3F-FD8FE88C4031}.Release|Any CPU.Build.0 = Release|Any CPU
		{0EDE5E3E-B6A9-4C12-8216-100BC78B68C9}.Debug|Any CPU.ActiveCfg = Debug|Any CPU
		{0EDE5E3E-B6A9-4C12-8216-100BC78B68C9}.Debug|Any CPU.Build.0 = Debug|Any CPU
		{0EDE5E3E-B6A9-4C12-8216-100BC78B68C9}.Release|Any CPU.ActiveCfg = Release|Any CPU
		{0EDE5E3E-B6A9-4C12-8216-100BC78B68C9}.Release|Any CPU.Build.0 = Release|Any CPU
		{38A30046-49F9-4BCE-A54D-9F75D6AF59FB}.Debug|Any CPU.ActiveCfg = Debug|Any CPU
		{38A30046-49F9-4BCE-A54D-9F75D6AF59FB}.Debug|Any CPU.Build.0 = Debug|Any CPU
		{38A30046-49F9-4BCE-A54D-9F75D6AF59FB}.Release|Any CPU.ActiveCfg = Release|Any CPU
		{38A30046-49F9-4BCE-A54D-9F75D6AF59FB}.Release|Any CPU.Build.0 = Release|Any CPU
		{7D2C0C1E-1C77-4F50-8877-7F1BD3094151}.Debug|Any CPU.ActiveCfg = Debug|Any CPU
		{7D2C0C1E-1C77-4F50-8877-7F1BD3094151}.Debug|Any CPU.Build.0 = Debug|Any CPU
		{7D2C0C1E-1C77-4F50-8877-7F1BD3094151}.Release|Any CPU.ActiveCfg = Release|Any CPU
		{7D2C0C1E-1C77-4F50-8877-7F1BD3094151}.Release|Any CPU.Build.0 = Release|Any CPU
		{8AC3EC25-FA70-463A-99B4-EC8231E71A55}.Debug|Any CPU.ActiveCfg = Debug|Any CPU
		{8AC3EC25-FA70-463A-99B4-EC8231E71A55}.Debug|Any CPU.Build.0 = Debug|Any CPU
		{8AC3EC25-FA70-463A-99B4-EC8231E71A55}.Release|Any CPU.ActiveCfg = Release|Any CPU
		{8AC3EC25-FA70-463A-99B4-EC8231E71A55}.Release|Any CPU.Build.0 = Release|Any CPU
		{B3E71FEB-3CFD-4ED9-9806-2A0CBFECC19E}.Debug|Any CPU.ActiveCfg = Debug|Any CPU
		{B3E71FEB-3CFD-4ED9-9806-2A0CBFECC19E}.Debug|Any CPU.Build.0 = Debug|Any CPU
		{B3E71FEB-3CFD-4ED9-9806-2A0CBFECC19E}.Release|Any CPU.ActiveCfg = Release|Any CPU
		{B3E71FEB-3CFD-4ED9-9806-2A0CBFECC19E}.Release|Any CPU.Build.0 = Release|Any CPU
	EndGlobalSection
	GlobalSection(SolutionProperties) = preSolution
		HideSolutionNode = FALSE
	EndGlobalSection
	GlobalSection(NestedProjects) = preSolution
		{CB9A8A68-6BAF-44FD-B908-0FFEFEA91B83} = {8709E097-911C-4A0C-9B95-BD119200A303}
		{94AF3635-1653-4C1F-A830-EAD3B20B611B} = {CB9A8A68-6BAF-44FD-B908-0FFEFEA91B83}
		{7504408C-7AE8-41A6-9DFE-ED9205DD01E9} = {CB9A8A68-6BAF-44FD-B908-0FFEFEA91B83}
		{78BA060D-5FC0-4BB2-AF3F-FD8FE88C4031} = {CB9A8A68-6BAF-44FD-B908-0FFEFEA91B83}
		{0EDE5E3E-B6A9-4C12-8216-100BC78B68C9} = {CB9A8A68-6BAF-44FD-B908-0FFEFEA91B83}
		{38A30046-49F9-4BCE-A54D-9F75D6AF59FB} = {CB9A8A68-6BAF-44FD-B908-0FFEFEA91B83}
		{D7EEB9DD-4C2C-4DF9-855C-89672D1461DF} = {8709E097-911C-4A0C-9B95-BD119200A303}
		{7D2C0C1E-1C77-4F50-8877-7F1BD3094151} = {D7EEB9DD-4C2C-4DF9-855C-89672D1461DF}
		{8AC3EC25-FA70-463A-99B4-EC8231E71A55} = {D7EEB9DD-4C2C-4DF9-855C-89672D1461DF}
		{B3E71FEB-3CFD-4ED9-9806-2A0CBFECC19E} = {D7EEB9DD-4C2C-4DF9-855C-89672D1461DF}
	EndGlobalSection
	GlobalSection(ExtensibilityGlobals) = postSolution
		SolutionGuid = {A824EFFD-0C1B-49BE-866E-D4A92B9ABA11}
	EndGlobalSection
EndGlobal
